
Microsoft Visual Studio Solution File, Format Version 12.00
# Visual Studio Version 16
VisualStudioVersion = 16.0.30413.136
MinimumVisualStudioVersion = 10.0.40219.1
Project("{FAE04EC0-301F-11D3-BF4B-00C04F79EFBC}") = "Vidly", "Vidly.csproj", "{7C99F3B5-78DA-48F8-B0ED-8596C16F5E98}"
EndProject
Global
	GlobalSection(SolutionConfigurationPlatforms) = preSolution
		Debug|Any CPU = Debug|Any CPU
		Release|Any CPU = Release|Any CPU
	EndGlobalSection
	GlobalSection(ProjectConfigurationPlatforms) = postSolution
		{7C99F3B5-78DA-48F8-B0ED-8596C16F5E98}.Debug|Any CPU.ActiveCfg = Debug|Any CPU
		{7C99F3B5-78DA-48F8-B0ED-8596C16F5E98}.Debug|Any CPU.Build.0 = Debug|Any CPU
		{7C99F3B5-78DA-48F8-B0ED-8596C16F5E98}.Release|Any CPU.ActiveCfg = Release|Any CPU
		{7C99F3B5-78DA-48F8-B0ED-8596C16F5E98}.Release|Any CPU.Build.0 = Release|Any CPU
	EndGlobalSection
	GlobalSection(SolutionProperties) = preSolution
		HideSolutionNode = FALSE
	EndGlobalSection
	GlobalSection(ExtensibilityGlobals) = postSolution
		SolutionGuid = {B73BD7DB-3532-44B3-945A-31A98CE76A85}
	EndGlobalSection
EndGlobal
